
Microsoft Visual Studio Solution File, Format Version 12.00
# Visual Studio Version 17
VisualStudioVersion = 17.0.31903.59
MinimumVisualStudioVersion = 10.0.40219.1
Project("{FAE04EC0-301F-11D3-BF4B-00C04F79EFBC}") = "EntryTranslator", "EntryTranslator\EntryTranslator.csproj", "{D26D4B43-EA97-4021-820F-5543E9B5C080}"
EndProject
Global
	GlobalSection(SolutionConfigurationPlatforms) = preSolution
		Debug|Any CPU = Debug|Any CPU
		Release|Any CPU = Release|Any CPU
	EndGlobalSection
	GlobalSection(ProjectConfigurationPlatforms) = postSolution
		{D26D4B43-EA97-4021-820F-5543E9B5C080}.Debug|Any CPU.ActiveCfg = Debug|Any CPU
		{D26D4B43-EA97-4021-820F-5543E9B5C080}.Debug|Any CPU.Build.0 = Debug|Any CPU
		{D26D4B43-EA97-4021-820F-5543E9B5C080}.Release|Any CPU.ActiveCfg = Release|Any CPU
		{D26D4B43-EA97-4021-820F-5543E9B5C080}.Release|Any CPU.Build.0 = Release|Any CPU
	EndGlobalSection
	GlobalSection(SolutionProperties) = preSolution
		HideSolutionNode = FALSE
	EndGlobalSection
	GlobalSection(ExtensibilityGlobals) = postSolution
		SolutionGuid = {2E9DE323-E8DA-433C-A58E-5CDDCE295763}
	EndGlobalSection
EndGlobal
