
Microsoft Visual Studio Solution File, Format Version 12.00
# Visual Studio Version 17
VisualStudioVersion = 17.5.002.0
MinimumVisualStudioVersion = 10.0.40219.1
Project("{9A19103F-16F7-4668-BE54-9A1E7A4F7556}") = "VocabularyTool", "VocabularyTool.csproj", "{A27C8337-E06C-4236-974C-0E6DD0BA18F8}"
EndProject
Global
	GlobalSection(SolutionConfigurationPlatforms) = preSolution
		Debug|Any CPU = Debug|Any CPU
		Release|Any CPU = Release|Any CPU
	EndGlobalSection
	GlobalSection(ProjectConfigurationPlatforms) = postSolution
		{A27C8337-E06C-4236-974C-0E6DD0BA18F8}.Debug|Any CPU.ActiveCfg = Debug|Any CPU
		{A27C8337-E06C-4236-974C-0E6DD0BA18F8}.Debug|Any CPU.Build.0 = Debug|Any CPU
		{A27C8337-E06C-4236-974C-0E6DD0BA18F8}.Release|Any CPU.ActiveCfg = Release|Any CPU
		{A27C8337-E06C-4236-974C-0E6DD0BA18F8}.Release|Any CPU.Build.0 = Release|Any CPU
	EndGlobalSection
	GlobalSection(SolutionProperties) = preSolution
		HideSolutionNode = FALSE
	EndGlobalSection
	GlobalSection(ExtensibilityGlobals) = postSolution
		SolutionGuid = {F7D9FD37-46BF-4939-AAC8-99B388795EA2}
	EndGlobalSection
EndGlobal
